// !$*UTF8*$!
{
	archiveVersion = 1;
	classes = {
	};
	objectVersion = 51;
	objects = {

/* Begin PBXBuildFile section */
		1891BF2EBF94B27FD596DA0F /* Pods_userContact.framework in Frameworks */ = {isa = PBXBuildFile; fileRef = B0F89611D937B75D6A8554F3 /* Pods_userContact.framework */; };
		56BAB568559BFEE828DD00D9 /* Pods_userContact_userContactUITests.framework in Frameworks */ = {isa = PBXBuildFile; fileRef = 88D9408EC139004F26A11C6D /* Pods_userContact_userContactUITests.framework */; };
		C2050E9E2727ED59004EEEEE /* HomeScreenCC.xib in Resources */ = {isa = PBXBuildFile; fileRef = C2050E9C2727ED59004EEEEE /* HomeScreenCC.xib */; };
		C2050EA32727EF2B004EEEEE /* HomeScreenClv.swift in Sources */ = {isa = PBXBuildFile; fileRef = C2050EA12727EF2B004EEEEE /* HomeScreenClv.swift */; };
		C2050EA42727EF2B004EEEEE /* HomeScreenClv.xib in Resources */ = {isa = PBXBuildFile; fileRef = C2050EA22727EF2B004EEEEE /* HomeScreenClv.xib */; };
		C290E98F272676F30096D465 /* AppDelegate.swift in Sources */ = {isa = PBXBuildFile; fileRef = C290E98E272676F30096D465 /* AppDelegate.swift */; };
		C290E991272676F30096D465 /* SceneDelegate.swift in Sources */ = {isa = PBXBuildFile; fileRef = C290E990272676F30096D465 /* SceneDelegate.swift */; };
		C290E996272676F30096D465 /* Main.storyboard in Resources */ = {isa = PBXBuildFile; fileRef = C290E994272676F30096D465 /* Main.storyboard */; };
		C290E998272676F40096D465 /* Assets.xcassets in Resources */ = {isa = PBXBuildFile; fileRef = C290E997272676F40096D465 /* Assets.xcassets */; };
		C290E99B272676F40096D465 /* LaunchScreen.storyboard in Resources */ = {isa = PBXBuildFile; fileRef = C290E999272676F40096D465 /* LaunchScreen.storyboard */; };
		C290E9A6272676F40096D465 /* userContactTests.swift in Sources */ = {isa = PBXBuildFile; fileRef = C290E9A5272676F40096D465 /* userContactTests.swift */; };
		C290E9B1272676F40096D465 /* userContactUITests.swift in Sources */ = {isa = PBXBuildFile; fileRef = C290E9B0272676F40096D465 /* userContactUITests.swift */; };
		C290E9C6272678850096D465 /* WebServices.swift in Sources */ = {isa = PBXBuildFile; fileRef = C290E9C5272678850096D465 /* WebServices.swift */; };
		C290E9C8272678B10096D465 /* Constants.swift in Sources */ = {isa = PBXBuildFile; fileRef = C290E9C7272678B10096D465 /* Constants.swift */; };
		C290E9CA272679090096D465 /* HomeScreenVC.swift in Sources */ = {isa = PBXBuildFile; fileRef = C290E9C9272679090096D465 /* HomeScreenVC.swift */; };
		C290E9CC27267A5F0096D465 /* userContactDC.swift in Sources */ = {isa = PBXBuildFile; fileRef = C290E9CB27267A5F0096D465 /* userContactDC.swift */; };
		C290E9CE27267BA20096D465 /* HomeScreenCC.swift in Sources */ = {isa = PBXBuildFile; fileRef = C290E9CD27267BA20096D465 /* HomeScreenCC.swift */; };
		C290E9D227269A6F0096D465 /* Extensions.swift in Sources */ = {isa = PBXBuildFile; fileRef = C290E9D127269A6F0096D465 /* Extensions.swift */; };
		C2B6ADEA27273F8A00C555C5 /* HomeScreenView.swift in Sources */ = {isa = PBXBuildFile; fileRef = C2B6ADE927273F8A00C555C5 /* HomeScreenView.swift */; };
		EFC71A79D3CAD2EF651C36AA /* Pods_userContactTests.framework in Frameworks */ = {isa = PBXBuildFile; fileRef = 0BDAFCFA31CC435F06B46FE9 /* Pods_userContactTests.framework */; };
/* End PBXBuildFile section */

/* Begin PBXContainerItemProxy section */
		C290E9A2272676F40096D465 /* PBXContainerItemProxy */ = {
			isa = PBXContainerItemProxy;
			containerPortal = C290E983272676F30096D465 /* Project object */;
			proxyType = 1;
			remoteGlobalIDString = C290E98A272676F30096D465;
			remoteInfo = userContact;
		};
		C290E9AD272676F40096D465 /* PBXContainerItemProxy */ = {
			isa = PBXContainerItemProxy;
			containerPortal = C290E983272676F30096D465 /* Project object */;
			proxyType = 1;
			remoteGlobalIDString = C290E98A272676F30096D465;
			remoteInfo = userContact;
		};
/* End PBXContainerItemProxy section */

/* Begin PBXFileReference section */
		0BDAFCFA31CC435F06B46FE9 /* Pods_userContactTests.framework */ = {isa = PBXFileReference; explicitFileType = wrapper.framework; includeInIndex = 0; path = Pods_userContactTests.framework; sourceTree = BUILT_PRODUCTS_DIR; };
		2E573E456E0E7C6C83508EC7 /* Pods-userContactTests.debug.xcconfig */ = {isa = PBXFileReference; includeInIndex = 1; lastKnownFileType = text.xcconfig; name = "Pods-userContactTests.debug.xcconfig"; path = "Target Support Files/Pods-userContactTests/Pods-userContactTests.debug.xcconfig"; sourceTree = "<group>"; };
		75E3F594768699C77CE0C280 /* Pods-userContactTests.release.xcconfig */ = {isa = PBXFileReference; includeInIndex = 1; lastKnownFileType = text.xcconfig; name = "Pods-userContactTests.release.xcconfig"; path = "Target Support Files/Pods-userContactTests/Pods-userContactTests.release.xcconfig"; sourceTree = "<group>"; };
		776D3E619F3E87BDF38C3015 /* Pods-userContact-userContactUITests.release.xcconfig */ = {isa = PBXFileReference; includeInIndex = 1; lastKnownFileType = text.xcconfig; name = "Pods-userContact-userContactUITests.release.xcconfig"; path = "Target Support Files/Pods-userContact-userContactUITests/Pods-userContact-userContactUITests.release.xcconfig"; sourceTree = "<group>"; };
		88D9408EC139004F26A11C6D /* Pods_userContact_userContactUITests.framework */ = {isa = PBXFileReference; explicitFileType = wrapper.framework; includeInIndex = 0; path = Pods_userContact_userContactUITests.framework; sourceTree = BUILT_PRODUCTS_DIR; };
		B0F89611D937B75D6A8554F3 /* Pods_userContact.framework */ = {isa = PBXFileReference; explicitFileType = wrapper.framework; includeInIndex = 0; path = Pods_userContact.framework; sourceTree = BUILT_PRODUCTS_DIR; };
		C2050E9C2727ED59004EEEEE /* HomeScreenCC.xib */ = {isa = PBXFileReference; lastKnownFileType = file.xib; path = HomeScreenCC.xib; sourceTree = "<group>"; };
		C2050EA12727EF2B004EEEEE /* HomeScreenClv.swift */ = {isa = PBXFileReference; lastKnownFileType = sourcecode.swift; path = HomeScreenClv.swift; sourceTree = "<group>"; };
		C2050EA22727EF2B004EEEEE /* HomeScreenClv.xib */ = {isa = PBXFileReference; lastKnownFileType = file.xib; path = HomeScreenClv.xib; sourceTree = "<group>"; };
		C290E98B272676F30096D465 /* userContact.app */ = {isa = PBXFileReference; explicitFileType = wrapper.application; includeInIndex = 0; path = userContact.app; sourceTree = BUILT_PRODUCTS_DIR; };
		C290E98E272676F30096D465 /* AppDelegate.swift */ = {isa = PBXFileReference; lastKnownFileType = sourcecode.swift; path = AppDelegate.swift; sourceTree = "<group>"; };
		C290E990272676F30096D465 /* SceneDelegate.swift */ = {isa = PBXFileReference; lastKnownFileType = sourcecode.swift; path = SceneDelegate.swift; sourceTree = "<group>"; };
		C290E995272676F30096D465 /* Base */ = {isa = PBXFileReference; lastKnownFileType = file.storyboard; name = Base; path = Base.lproj/Main.storyboard; sourceTree = "<group>"; };
		C290E997272676F40096D465 /* Assets.xcassets */ = {isa = PBXFileReference; lastKnownFileType = folder.assetcatalog; path = Assets.xcassets; sourceTree = "<group>"; };
		C290E99A272676F40096D465 /* Base */ = {isa = PBXFileReference; lastKnownFileType = file.storyboard; name = Base; path = Base.lproj/LaunchScreen.storyboard; sourceTree = "<group>"; };
		C290E99C272676F40096D465 /* Info.plist */ = {isa = PBXFileReference; lastKnownFileType = text.plist.xml; path = Info.plist; sourceTree = "<group>"; };
		C290E9A1272676F40096D465 /* userContactTests.xctest */ = {isa = PBXFileReference; explicitFileType = wrapper.cfbundle; includeInIndex = 0; path = userContactTests.xctest; sourceTree = BUILT_PRODUCTS_DIR; };
		C290E9A5272676F40096D465 /* userContactTests.swift */ = {isa = PBXFileReference; lastKnownFileType = sourcecode.swift; path = userContactTests.swift; sourceTree = "<group>"; };
		C290E9A7272676F40096D465 /* Info.plist */ = {isa = PBXFileReference; lastKnownFileType = text.plist.xml; path = Info.plist; sourceTree = "<group>"; };
		C290E9AC272676F40096D465 /* userContactUITests.xctest */ = {isa = PBXFileReference; explicitFileType = wrapper.cfbundle; includeInIndex = 0; path = userContactUITests.xctest; sourceTree = BUILT_PRODUCTS_DIR; };
		C290E9B0272676F40096D465 /* userContactUITests.swift */ = {isa = PBXFileReference; lastKnownFileType = sourcecode.swift; path = userContactUITests.swift; sourceTree = "<group>"; };
		C290E9B2272676F40096D465 /* Info.plist */ = {isa = PBXFileReference; lastKnownFileType = text.plist.xml; path = Info.plist; sourceTree = "<group>"; };
		C290E9C5272678850096D465 /* WebServices.swift */ = {isa = PBXFileReference; fileEncoding = 4; lastKnownFileType = sourcecode.swift; path = WebServices.swift; sourceTree = "<group>"; };
		C290E9C7272678B10096D465 /* Constants.swift */ = {isa = PBXFileReference; fileEncoding = 4; lastKnownFileType = sourcecode.swift; path = Constants.swift; sourceTree = "<group>"; };
		C290E9C9272679090096D465 /* HomeScreenVC.swift */ = {isa = PBXFileReference; lastKnownFileType = sourcecode.swift; path = HomeScreenVC.swift; sourceTree = "<group>"; };
		C290E9CB27267A5F0096D465 /* userContactDC.swift */ = {isa = PBXFileReference; fileEncoding = 4; lastKnownFileType = sourcecode.swift; path = userContactDC.swift; sourceTree = "<group>"; };
		C290E9CD27267BA20096D465 /* HomeScreenCC.swift */ = {isa = PBXFileReference; lastKnownFileType = sourcecode.swift; name = HomeScreenCC.swift; path = userContact/Controllers/HomeScreenCC.swift; sourceTree = SOURCE_ROOT; };
		C290E9D127269A6F0096D465 /* Extensions.swift */ = {isa = PBXFileReference; lastKnownFileType = sourcecode.swift; path = Extensions.swift; sourceTree = "<group>"; };
		C2B6ADE927273F8A00C555C5 /* HomeScreenView.swift */ = {isa = PBXFileReference; lastKnownFileType = sourcecode.swift; path = HomeScreenView.swift; sourceTree = "<group>"; };
		D9D839E08831DBAF32F1F0B9 /* Pods-userContact.release.xcconfig */ = {isa = PBXFileReference; includeInIndex = 1; lastKnownFileType = text.xcconfig; name = "Pods-userContact.release.xcconfig"; path = "Target Support Files/Pods-userContact/Pods-userContact.release.xcconfig"; sourceTree = "<group>"; };
		E6A9276967D35A917AADFFBA /* Pods-userContact-userContactUITests.debug.xcconfig */ = {isa = PBXFileReference; includeInIndex = 1; lastKnownFileType = text.xcconfig; name = "Pods-userContact-userContactUITests.debug.xcconfig"; path = "Target Support Files/Pods-userContact-userContactUITests/Pods-userContact-userContactUITests.debug.xcconfig"; sourceTree = "<group>"; };
		ED972F15BAAC48B2DA28DCC3 /* Pods-userContact.debug.xcconfig */ = {isa = PBXFileReference; includeInIndex = 1; lastKnownFileType = text.xcconfig; name = "Pods-userContact.debug.xcconfig"; path = "Target Support Files/Pods-userContact/Pods-userContact.debug.xcconfig"; sourceTree = "<group>"; };
/* End PBXFileReference section */

/* Begin PBXFrameworksBuildPhase section */
		C290E988272676F30096D465 /* Frameworks */ = {
			isa = PBXFrameworksBuildPhase;
			buildActionMask = 2147483647;
			files = (
				1891BF2EBF94B27FD596DA0F /* Pods_userContact.framework in Frameworks */,
			);
			runOnlyForDeploymentPostprocessing = 0;
		};
		C290E99E272676F40096D465 /* Frameworks */ = {
			isa = PBXFrameworksBuildPhase;
			buildActionMask = 2147483647;
			files = (
				EFC71A79D3CAD2EF651C36AA /* Pods_userContactTests.framework in Frameworks */,
			);
			runOnlyForDeploymentPostprocessing = 0;
		};
		C290E9A9272676F40096D465 /* Frameworks */ = {
			isa = PBXFrameworksBuildPhase;
			buildActionMask = 2147483647;
			files = (
				56BAB568559BFEE828DD00D9 /* Pods_userContact_userContactUITests.framework in Frameworks */,
			);
			runOnlyForDeploymentPostprocessing = 0;
		};
/* End PBXFrameworksBuildPhase section */

/* Begin PBXGroup section */
		0A85D980BDA3E1B67DD100DE /* Frameworks */ = {
			isa = PBXGroup;
			children = (
				B0F89611D937B75D6A8554F3 /* Pods_userContact.framework */,
				88D9408EC139004F26A11C6D /* Pods_userContact_userContactUITests.framework */,
				0BDAFCFA31CC435F06B46FE9 /* Pods_userContactTests.framework */,
			);
			name = Frameworks;
			sourceTree = "<group>";
		};
		37723AEA66C738D9082D76EF /* Pods */ = {
			isa = PBXGroup;
			children = (
				ED972F15BAAC48B2DA28DCC3 /* Pods-userContact.debug.xcconfig */,
				D9D839E08831DBAF32F1F0B9 /* Pods-userContact.release.xcconfig */,
				E6A9276967D35A917AADFFBA /* Pods-userContact-userContactUITests.debug.xcconfig */,
				776D3E619F3E87BDF38C3015 /* Pods-userContact-userContactUITests.release.xcconfig */,
				2E573E456E0E7C6C83508EC7 /* Pods-userContactTests.debug.xcconfig */,
				75E3F594768699C77CE0C280 /* Pods-userContactTests.release.xcconfig */,
			);
			path = Pods;
			sourceTree = "<group>";
		};
		C2050E9A2727ED31004EEEEE /* HomeScreenTableViewCell */ = {
			isa = PBXGroup;
			children = (
				C290E9CD27267BA20096D465 /* HomeScreenCC.swift */,
				C2050E9C2727ED59004EEEEE /* HomeScreenCC.xib */,
			);
			path = HomeScreenTableViewCell;
			sourceTree = "<group>";
		};
		C2050EA02727EEF7004EEEEE /* HomeScreenCollectionviewCell */ = {
			isa = PBXGroup;
			children = (
				C2050EA12727EF2B004EEEEE /* HomeScreenClv.swift */,
				C2050EA22727EF2B004EEEEE /* HomeScreenClv.xib */,
			);
			path = HomeScreenCollectionviewCell;
			sourceTree = "<group>";
		};
		C290E982272676F30096D465 = {
			isa = PBXGroup;
			children = (
				C290E98D272676F30096D465 /* userContact */,
				C290E9A4272676F40096D465 /* userContactTests */,
				C290E9AF272676F40096D465 /* userContactUITests */,
				C290E98C272676F30096D465 /* Products */,
				37723AEA66C738D9082D76EF /* Pods */,
				0A85D980BDA3E1B67DD100DE /* Frameworks */,
			);
			sourceTree = "<group>";
		};
		C290E98C272676F30096D465 /* Products */ = {
			isa = PBXGroup;
			children = (
				C290E98B272676F30096D465 /* userContact.app */,
				C290E9A1272676F40096D465 /* userContactTests.xctest */,
				C290E9AC272676F40096D465 /* userContactUITests.xctest */,
			);
			name = Products;
			sourceTree = "<group>";
		};
		C290E98D272676F30096D465 /* userContact */ = {
			isa = PBXGroup;
			children = (
				C290E98E272676F30096D465 /* AppDelegate.swift */,
				C290E990272676F30096D465 /* SceneDelegate.swift */,
				C290E9BE272677720096D465 /* Model */,
				C290E9BF2726777C0096D465 /* View */,
				C2B6ADE827273F4F00C555C5 /* ViewModel */,
				C290E9C0272677890096D465 /* Controllers */,
				C290E9C1272677980096D465 /* WebServices */,
				C290E9C2272677A10096D465 /* Constants */,
				C290E9C3272677AB0096D465 /* Extensions  */,
				C290E9C4272677B30096D465 /* Resources */,
			);
			path = userContact;
			sourceTree = "<group>";
		};
		C290E9A4272676F40096D465 /* userContactTests */ = {
			isa = PBXGroup;
			children = (
				C290E9A5272676F40096D465 /* userContactTests.swift */,
				C290E9A7272676F40096D465 /* Info.plist */,
			);
			path = userContactTests;
			sourceTree = "<group>";
		};
		C290E9AF272676F40096D465 /* userContactUITests */ = {
			isa = PBXGroup;
			children = (
				C290E9B0272676F40096D465 /* userContactUITests.swift */,
				C290E9B2272676F40096D465 /* Info.plist */,
			);
			path = userContactUITests;
			sourceTree = "<group>";
		};
		C290E9BE272677720096D465 /* Model */ = {
			isa = PBXGroup;
			children = (
				C290E9CB27267A5F0096D465 /* userContactDC.swift */,
			);
			path = Model;
			sourceTree = "<group>";
		};
		C290E9BF2726777C0096D465 /* View */ = {
			isa = PBXGroup;
			children = (
				C290E994272676F30096D465 /* Main.storyboard */,
				C290E999272676F40096D465 /* LaunchScreen.storyboard */,
			);
			path = View;
			sourceTree = "<group>";
		};
		C290E9C0272677890096D465 /* Controllers */ = {
			isa = PBXGroup;
			children = (
				C290E9C9272679090096D465 /* HomeScreenVC.swift */,
				C2050EA02727EEF7004EEEEE /* HomeScreenCollectionviewCell */,
				C2050E9A2727ED31004EEEEE /* HomeScreenTableViewCell */,
			);
			path = Controllers;
			sourceTree = "<group>";
		};
		C290E9C1272677980096D465 /* WebServices */ = {
			isa = PBXGroup;
			children = (
				C290E9C5272678850096D465 /* WebServices.swift */,
			);
			path = WebServices;
			sourceTree = "<group>";
		};
		C290E9C2272677A10096D465 /* Constants */ = {
			isa = PBXGroup;
			children = (
				C290E9C7272678B10096D465 /* Constants.swift */,
			);
			path = Constants;
			sourceTree = "<group>";
		};
		C290E9C3272677AB0096D465 /* Extensions  */ = {
			isa = PBXGroup;
			children = (
				C290E9D127269A6F0096D465 /* Extensions.swift */,
			);
			path = "Extensions ";
			sourceTree = "<group>";
		};
		C290E9C4272677B30096D465 /* Resources */ = {
			isa = PBXGroup;
			children = (
				C290E997272676F40096D465 /* Assets.xcassets */,
				C290E99C272676F40096D465 /* Info.plist */,
			);
			path = Resources;
			sourceTree = "<group>";
		};
		C2B6ADE827273F4F00C555C5 /* ViewModel */ = {
			isa = PBXGroup;
			children = (
				C2B6ADE927273F8A00C555C5 /* HomeScreenView.swift */,
			);
			path = ViewModel;
			sourceTree = "<group>";
		};
/* End PBXGroup section */

/* Begin PBXNativeTarget section */
		C290E98A272676F30096D465 /* userContact */ = {
			isa = PBXNativeTarget;
			buildConfigurationList = C290E9B5272676F40096D465 /* Build configuration list for PBXNativeTarget "userContact" */;
			buildPhases = (
				D4F24314364C0902D2DED8E6 /* [CP] Check Pods Manifest.lock */,
				C290E987272676F30096D465 /* Sources */,
				C290E988272676F30096D465 /* Frameworks */,
				C290E989272676F30096D465 /* Resources */,
				12E817287CBA41B4042CB9BB /* [CP] Embed Pods Frameworks */,
			);
			buildRules = (
			);
			dependencies = (
			);
			name = userContact;
			productName = userContact;
			productReference = C290E98B272676F30096D465 /* userContact.app */;
			productType = "com.apple.product-type.application";
		};
		C290E9A0272676F40096D465 /* userContactTests */ = {
			isa = PBXNativeTarget;
			buildConfigurationList = C290E9B8272676F40096D465 /* Build configuration list for PBXNativeTarget "userContactTests" */;
			buildPhases = (
				3B3FC285FD8B233ADEB448F9 /* [CP] Check Pods Manifest.lock */,
				C290E99D272676F40096D465 /* Sources */,
				C290E99E272676F40096D465 /* Frameworks */,
				C290E99F272676F40096D465 /* Resources */,
			);
			buildRules = (
			);
			dependencies = (
				C290E9A3272676F40096D465 /* PBXTargetDependency */,
			);
			name = userContactTests;
			productName = userContactTests;
			productReference = C290E9A1272676F40096D465 /* userContactTests.xctest */;
			productType = "com.apple.product-type.bundle.unit-test";
		};
		C290E9AB272676F40096D465 /* userContactUITests */ = {
			isa = PBXNativeTarget;
			buildConfigurationList = C290E9BB272676F40096D465 /* Build configuration list for PBXNativeTarget "userContactUITests" */;
			buildPhases = (
				5120D756CE19626DF6598760 /* [CP] Check Pods Manifest.lock */,
				C290E9A8272676F40096D465 /* Sources */,
				C290E9A9272676F40096D465 /* Frameworks */,
				C290E9AA272676F40096D465 /* Resources */,
				C34A76EF11E8A31DD7145125 /* [CP] Embed Pods Frameworks */,
			);
			buildRules = (
			);
			dependencies = (
				C290E9AE272676F40096D465 /* PBXTargetDependency */,
			);
			name = userContactUITests;
			productName = userContactUITests;
			productReference = C290E9AC272676F40096D465 /* userContactUITests.xctest */;
			productType = "com.apple.product-type.bundle.ui-testing";
		};
/* End PBXNativeTarget section */

/* Begin PBXProject section */
		C290E983272676F30096D465 /* Project object */ = {
			isa = PBXProject;
			attributes = {
				LastSwiftUpdateCheck = 1250;
				LastUpgradeCheck = 1250;
				TargetAttributes = {
					C290E98A272676F30096D465 = {
						CreatedOnToolsVersion = 12.5.1;
					};
					C290E9A0272676F40096D465 = {
						CreatedOnToolsVersion = 12.5.1;
						TestTargetID = C290E98A272676F30096D465;
					};
					C290E9AB272676F40096D465 = {
						CreatedOnToolsVersion = 12.5.1;
						TestTargetID = C290E98A272676F30096D465;
					};
				};
			};
			buildConfigurationList = C290E986272676F30096D465 /* Build configuration list for PBXProject "userContact" */;
			compatibilityVersion = "Xcode 9.3";
			developmentRegion = en;
			hasScannedForEncodings = 0;
			knownRegions = (
				en,
				Base,
			);
			mainGroup = C290E982272676F30096D465;
			productRefGroup = C290E98C272676F30096D465 /* Products */;
			projectDirPath = "";
			projectRoot = "";
			targets = (
				C290E98A272676F30096D465 /* userContact */,
				C290E9A0272676F40096D465 /* userContactTests */,
				C290E9AB272676F40096D465 /* userContactUITests */,
			);
		};
/* End PBXProject section */

/* Begin PBXResourcesBuildPhase section */
		C290E989272676F30096D465 /* Resources */ = {
			isa = PBXResourcesBuildPhase;
			buildActionMask = 2147483647;
			files = (
				C2050E9E2727ED59004EEEEE /* HomeScreenCC.xib in Resources */,
				C290E99B272676F40096D465 /* LaunchScreen.storyboard in Resources */,
				C290E998272676F40096D465 /* Assets.xcassets in Resources */,
				C290E996272676F30096D465 /* Main.storyboard in Resources */,
				C2050EA42727EF2B004EEEEE /* HomeScreenClv.xib in Resources */,
			);
			runOnlyForDeploymentPostprocessing = 0;
		};
		C290E99F272676F40096D465 /* Resources */ = {
			isa = PBXResourcesBuildPhase;
			buildActionMask = 2147483647;
			files = (
			);
			runOnlyForDeploymentPostprocessing = 0;
		};
		C290E9AA272676F40096D465 /* Resources */ = {
			isa = PBXResourcesBuildPhase;
			buildActionMask = 2147483647;
			files = (
			);
			runOnlyForDeploymentPostprocessing = 0;
		};
/* End PBXResourcesBuildPhase section */

/* Begin PBXShellScriptBuildPhase section */
		12E817287CBA41B4042CB9BB /* [CP] Embed Pods Frameworks */ = {
			isa = PBXShellScriptBuildPhase;
			buildActionMask = 2147483647;
			files = (
			);
			inputFileListPaths = (
				"${PODS_ROOT}/Target Support Files/Pods-userContact/Pods-userContact-frameworks-${CONFIGURATION}-input-files.xcfilelist",
			);
			name = "[CP] Embed Pods Frameworks";
			outputFileListPaths = (
				"${PODS_ROOT}/Target Support Files/Pods-userContact/Pods-userContact-frameworks-${CONFIGURATION}-output-files.xcfilelist",
			);
			runOnlyForDeploymentPostprocessing = 0;
			shellPath = /bin/sh;
			shellScript = "\"${PODS_ROOT}/Target Support Files/Pods-userContact/Pods-userContact-frameworks.sh\"\n";
			showEnvVarsInLog = 0;
		};
		3B3FC285FD8B233ADEB448F9 /* [CP] Check Pods Manifest.lock */ = {
			isa = PBXShellScriptBuildPhase;
			buildActionMask = 2147483647;
			files = (
			);
			inputFileListPaths = (
			);
			inputPaths = (
				"${PODS_PODFILE_DIR_PATH}/Podfile.lock",
				"${PODS_ROOT}/Manifest.lock",
			);
			name = "[CP] Check Pods Manifest.lock";
			outputFileListPaths = (
			);
			outputPaths = (
				"$(DERIVED_FILE_DIR)/Pods-userContactTests-checkManifestLockResult.txt",
			);
			runOnlyForDeploymentPostprocessing = 0;
			shellPath = /bin/sh;
			shellScript = "diff \"${PODS_PODFILE_DIR_PATH}/Podfile.lock\" \"${PODS_ROOT}/Manifest.lock\" > /dev/null\nif [ $? != 0 ] ; then\n    # print error to STDERR\n    echo \"error: The sandbox is not in sync with the Podfile.lock. Run 'pod install' or update your CocoaPods installation.\" >&2\n    exit 1\nfi\n# This output is used by Xcode 'outputs' to avoid re-running this script phase.\necho \"SUCCESS\" > \"${SCRIPT_OUTPUT_FILE_0}\"\n";
			showEnvVarsInLog = 0;
		};
		5120D756CE19626DF6598760 /* [CP] Check Pods Manifest.lock */ = {
			isa = PBXShellScriptBuildPhase;
			buildActionMask = 2147483647;
			files = (
			);
			inputFileListPaths = (
			);
			inputPaths = (
				"${PODS_PODFILE_DIR_PATH}/Podfile.lock",
				"${PODS_ROOT}/Manifest.lock",
			);
			name = "[CP] Check Pods Manifest.lock";
			outputFileListPaths = (
			);
			outputPaths = (
				"$(DERIVED_FILE_DIR)/Pods-userContact-userContactUITests-checkManifestLockResult.txt",
			);
			runOnlyForDeploymentPostprocessing = 0;
			shellPath = /bin/sh;
			shellScript = "diff \"${PODS_PODFILE_DIR_PATH}/Podfile.lock\" \"${PODS_ROOT}/Manifest.lock\" > /dev/null\nif [ $? != 0 ] ; then\n    # print error to STDERR\n    echo \"error: The sandbox is not in sync with the Podfile.lock. Run 'pod install' or update your CocoaPods installation.\" >&2\n    exit 1\nfi\n# This output is used by Xcode 'outputs' to avoid re-running this script phase.\necho \"SUCCESS\" > \"${SCRIPT_OUTPUT_FILE_0}\"\n";
			showEnvVarsInLog = 0;
		};
		C34A76EF11E8A31DD7145125 /* [CP] Embed Pods Frameworks */ = {
			isa = PBXShellScriptBuildPhase;
			buildActionMask = 2147483647;
			files = (
			);
			inputFileListPaths = (
				"${PODS_ROOT}/Target Support Files/Pods-userContact-userContactUITests/Pods-userContact-userContactUITests-frameworks-${CONFIGURATION}-input-files.xcfilelist",
			);
			name = "[CP] Embed Pods Frameworks";
			outputFileListPaths = (
				"${PODS_ROOT}/Target Support Files/Pods-userContact-userContactUITests/Pods-userContact-userContactUITests-frameworks-${CONFIGURATION}-output-files.xcfilelist",
			);
			runOnlyForDeploymentPostprocessing = 0;
			shellPath = /bin/sh;
			shellScript = "\"${PODS_ROOT}/Target Support Files/Pods-userContact-userContactUITests/Pods-userContact-userContactUITests-frameworks.sh\"\n";
			showEnvVarsInLog = 0;
		};
		D4F24314364C0902D2DED8E6 /* [CP] Check Pods Manifest.lock */ = {
			isa = PBXShellScriptBuildPhase;
			buildActionMask = 2147483647;
			files = (
			);
			inputFileListPaths = (
			);
			inputPaths = (
				"${PODS_PODFILE_DIR_PATH}/Podfile.lock",
				"${PODS_ROOT}/Manifest.lock",
			);
			name = "[CP] Check Pods Manifest.lock";
			outputFileListPaths = (
			);
			outputPaths = (
				"$(DERIVED_FILE_DIR)/Pods-userContact-checkManifestLockResult.txt",
			);
			runOnlyForDeploymentPostprocessing = 0;
			shellPath = /bin/sh;
			shellScript = "diff \"${PODS_PODFILE_DIR_PATH}/Podfile.lock\" \"${PODS_ROOT}/Manifest.lock\" > /dev/null\nif [ $? != 0 ] ; then\n    # print error to STDERR\n    echo \"error: The sandbox is not in sync with the Podfile.lock. Run 'pod install' or update your CocoaPods installation.\" >&2\n    exit 1\nfi\n# This output is used by Xcode 'outputs' to avoid re-running this script phase.\necho \"SUCCESS\" > \"${SCRIPT_OUTPUT_FILE_0}\"\n";
			showEnvVarsInLog = 0;
		};
/* End PBXShellScriptBuildPhase section */

/* Begin PBXSourcesBuildPhase section */
		C290E987272676F30096D465 /* Sources */ = {
			isa = PBXSourcesBuildPhase;
			buildActionMask = 2147483647;
			files = (
				C290E9CE27267BA20096D465 /* HomeScreenCC.swift in Sources */,
				C290E9CC27267A5F0096D465 /* userContactDC.swift in Sources */,
				C2050EA32727EF2B004EEEEE /* HomeScreenClv.swift in Sources */,
				C290E98F272676F30096D465 /* AppDelegate.swift in Sources */,
				C2B6ADEA27273F8A00C555C5 /* HomeScreenView.swift in Sources */,
				C290E9D227269A6F0096D465 /* Extensions.swift in Sources */,
				C290E991272676F30096D465 /* SceneDelegate.swift in Sources */,
				C290E9C6272678850096D465 /* WebServices.swift in Sources */,
				C290E9CA272679090096D465 /* HomeScreenVC.swift in Sources */,
				C290E9C8272678B10096D465 /* Constants.swift in Sources */,
			);
			runOnlyForDeploymentPostprocessing = 0;
		};
		C290E99D272676F40096D465 /* Sources */ = {
			isa = PBXSourcesBuildPhase;
			buildActionMask = 2147483647;
			files = (
				C290E9A6272676F40096D465 /* userContactTests.swift in Sources */,
			);
			runOnlyForDeploymentPostprocessing = 0;
		};
		C290E9A8272676F40096D465 /* Sources */ = {
			isa = PBXSourcesBuildPhase;
			buildActionMask = 2147483647;
			files = (
				C290E9B1272676F40096D465 /* userContactUITests.swift in Sources */,
			);
			runOnlyForDeploymentPostprocessing = 0;
		};
/* End PBXSourcesBuildPhase section */

/* Begin PBXTargetDependency section */
		C290E9A3272676F40096D465 /* PBXTargetDependency */ = {
			isa = PBXTargetDependency;
			target = C290E98A272676F30096D465 /* userContact */;
			targetProxy = C290E9A2272676F40096D465 /* PBXContainerItemProxy */;
		};
		C290E9AE272676F40096D465 /* PBXTargetDependency */ = {
			isa = PBXTargetDependency;
			target = C290E98A272676F30096D465 /* userContact */;
			targetProxy = C290E9AD272676F40096D465 /* PBXContainerItemProxy */;
		};
/* End PBXTargetDependency section */

/* Begin PBXVariantGroup section */
		C290E994272676F30096D465 /* Main.storyboard */ = {
			isa = PBXVariantGroup;
			children = (
				C290E995272676F30096D465 /* Base */,
			);
			name = Main.storyboard;
			sourceTree = "<group>";
		};
		C290E999272676F40096D465 /* LaunchScreen.storyboard */ = {
			isa = PBXVariantGroup;
			children = (
				C290E99A272676F40096D465 /* Base */,
			);
			name = LaunchScreen.storyboard;
			sourceTree = "<group>";
		};
/* End PBXVariantGroup section */

/* Begin XCBuildConfiguration section */
		C290E9B3272676F40096D465 /* Debug */ = {
			isa = XCBuildConfiguration;
			buildSettings = {
				ALWAYS_SEARCH_USER_PATHS = NO;
				CLANG_ANALYZER_NONNULL = YES;
				CLANG_ANALYZER_NUMBER_OBJECT_CONVERSION = YES_AGGRESSIVE;
				CLANG_CXX_LANGUAGE_STANDARD = "gnu++14";
				CLANG_CXX_LIBRARY = "libc++";
				CLANG_ENABLE_MODULES = YES;
				CLANG_ENABLE_OBJC_ARC = YES;
				CLANG_ENABLE_OBJC_WEAK = YES;
				CLANG_WARN_BLOCK_CAPTURE_AUTORELEASING = YES;
				CLANG_WARN_BOOL_CONVERSION = YES;
				CLANG_WARN_COMMA = YES;
				CLANG_WARN_CONSTANT_CONVERSION = YES;
				CLANG_WARN_DEPRECATED_OBJC_IMPLEMENTATIONS = YES;
				CLANG_WARN_DIRECT_OBJC_ISA_USAGE = YES_ERROR;
				CLANG_WARN_DOCUMENTATION_COMMENTS = YES;
				CLANG_WARN_EMPTY_BODY = YES;
				CLANG_WARN_ENUM_CONVERSION = YES;
				CLANG_WARN_INFINITE_RECURSION = YES;
				CLANG_WARN_INT_CONVERSION = YES;
				CLANG_WARN_NON_LITERAL_NULL_CONVERSION = YES;
				CLANG_WARN_OBJC_IMPLICIT_RETAIN_SELF = YES;
				CLANG_WARN_OBJC_LITERAL_CONVERSION = YES;
				CLANG_WARN_OBJC_ROOT_CLASS = YES_ERROR;
				CLANG_WARN_QUOTED_INCLUDE_IN_FRAMEWORK_HEADER = YES;
				CLANG_WARN_RANGE_LOOP_ANALYSIS = YES;
				CLANG_WARN_STRICT_PROTOTYPES = YES;
				CLANG_WARN_SUSPICIOUS_MOVE = YES;
				CLANG_WARN_UNGUARDED_AVAILABILITY = YES_AGGRESSIVE;
				CLANG_WARN_UNREACHABLE_CODE = YES;
				CLANG_WARN__DUPLICATE_METHOD_MATCH = YES;
				COPY_PHASE_STRIP = NO;
				DEBUG_INFORMATION_FORMAT = dwarf;
				ENABLE_STRICT_OBJC_MSGSEND = YES;
				ENABLE_TESTABILITY = YES;
				GCC_C_LANGUAGE_STANDARD = gnu11;
				GCC_DYNAMIC_NO_PIC = NO;
				GCC_NO_COMMON_BLOCKS = YES;
				GCC_OPTIMIZATION_LEVEL = 0;
				GCC_PREPROCESSOR_DEFINITIONS = (
					"DEBUG=1",
					"$(inherited)",
				);
				GCC_WARN_64_TO_32_BIT_CONVERSION = YES;
				GCC_WARN_ABOUT_RETURN_TYPE = YES_ERROR;
				GCC_WARN_UNDECLARED_SELECTOR = YES;
				GCC_WARN_UNINITIALIZED_AUTOS = YES_AGGRESSIVE;
				GCC_WARN_UNUSED_FUNCTION = YES;
				GCC_WARN_UNUSED_VARIABLE = YES;
				IPHONEOS_DEPLOYMENT_TARGET = 14.5;
				MTL_ENABLE_DEBUG_INFO = INCLUDE_SOURCE;
				MTL_FAST_MATH = YES;
				ONLY_ACTIVE_ARCH = YES;
				SDKROOT = iphoneos;
				SWIFT_ACTIVE_COMPILATION_CONDITIONS = DEBUG;
				SWIFT_OPTIMIZATION_LEVEL = "-Onone";
			};
			name = Debug;
		};
		C290E9B4272676F40096D465 /* Release */ = {
			isa = XCBuildConfiguration;
			buildSettings = {
				ALWAYS_SEARCH_USER_PATHS = NO;
				CLANG_ANALYZER_NONNULL = YES;
				CLANG_ANALYZER_NUMBER_OBJECT_CONVERSION = YES_AGGRESSIVE;
				CLANG_CXX_LANGUAGE_STANDARD = "gnu++14";
				CLANG_CXX_LIBRARY = "libc++";
				CLANG_ENABLE_MODULES = YES;
				CLANG_ENABLE_OBJC_ARC = YES;
				CLANG_ENABLE_OBJC_WEAK = YES;
				CLANG_WARN_BLOCK_CAPTURE_AUTORELEASING = YES;
				CLANG_WARN_BOOL_CONVERSION = YES;
				CLANG_WARN_COMMA = YES;
				CLANG_WARN_CONSTANT_CONVERSION = YES;
				CLANG_WARN_DEPRECATED_OBJC_IMPLEMENTATIONS = YES;
				CLANG_WARN_DIRECT_OBJC_ISA_USAGE = YES_ERROR;
				CLANG_WARN_DOCUMENTATION_COMMENTS = YES;
				CLANG_WARN_EMPTY_BODY = YES;
				CLANG_WARN_ENUM_CONVERSION = YES;
				CLANG_WARN_INFINITE_RECURSION = YES;
				CLANG_WARN_INT_CONVERSION = YES;
				CLANG_WARN_NON_LITERAL_NULL_CONVERSION = YES;
				CLANG_WARN_OBJC_IMPLICIT_RETAIN_SELF = YES;
				CLANG_WARN_OBJC_LITERAL_CONVERSION = YES;
				CLANG_WARN_OBJC_ROOT_CLASS = YES_ERROR;
				CLANG_WARN_QUOTED_INCLUDE_IN_FRAMEWORK_HEADER = YES;
				CLANG_WARN_RANGE_LOOP_ANALYSIS = YES;
				CLANG_WARN_STRICT_PROTOTYPES = YES;
				CLANG_WARN_SUSPICIOUS_MOVE = YES;
				CLANG_WARN_UNGUARDED_AVAILABILITY = YES_AGGRESSIVE;
				CLANG_WARN_UNREACHABLE_CODE = YES;
				CLANG_WARN__DUPLICATE_METHOD_MATCH = YES;
				COPY_PHASE_STRIP = NO;
				DEBUG_INFORMATION_FORMAT = "dwarf-with-dsym";
				ENABLE_NS_ASSERTIONS = NO;
				ENABLE_STRICT_OBJC_MSGSEND = YES;
				GCC_C_LANGUAGE_STANDARD = gnu11;
				GCC_NO_COMMON_BLOCKS = YES;
				GCC_WARN_64_TO_32_BIT_CONVERSION = YES;
				GCC_WARN_ABOUT_RETURN_TYPE = YES_ERROR;
				GCC_WARN_UNDECLARED_SELECTOR = YES;
				GCC_WARN_UNINITIALIZED_AUTOS = YES_AGGRESSIVE;
				GCC_WARN_UNUSED_FUNCTION = YES;
				GCC_WARN_UNUSED_VARIABLE = YES;
				IPHONEOS_DEPLOYMENT_TARGET = 14.5;
				MTL_ENABLE_DEBUG_INFO = NO;
				MTL_FAST_MATH = YES;
				SDKROOT = iphoneos;
				SWIFT_COMPILATION_MODE = wholemodule;
				SWIFT_OPTIMIZATION_LEVEL = "-O";
				VALIDATE_PRODUCT = YES;
			};
			name = Release;
		};
		C290E9B6272676F40096D465 /* Debug */ = {
			isa = XCBuildConfiguration;
			baseConfigurationReference = ED972F15BAAC48B2DA28DCC3 /* Pods-userContact.debug.xcconfig */;
			buildSettings = {
				ASSETCATALOG_COMPILER_APPICON_NAME = AppIcon;
				ASSETCATALOG_COMPILER_GLOBAL_ACCENT_COLOR_NAME = AccentColor;
				CODE_SIGN_STYLE = Automatic;
				DEVELOPMENT_TEAM = MFUZBPAEPA;
				INFOPLIST_FILE = "$(SRCROOT)/userContact/Resources/Info.plist";
				IPHONEOS_DEPLOYMENT_TARGET = 13.0;
				LD_RUNPATH_SEARCH_PATHS = (
					"$(inherited)",
					"@executable_path/Frameworks",
				);
				MARKETING_VERSION = 1.0.0;
				PRODUCT_BUNDLE_IDENTIFIER = KhadimHussain.userContact;
				PRODUCT_NAME = "$(TARGET_NAME)";
				SWIFT_VERSION = 5.0;
				TARGETED_DEVICE_FAMILY = "1,2";
			};
			name = Debug;
		};
		C290E9B7272676F40096D465 /* Release */ = {
			isa = XCBuildConfiguration;
			baseConfigurationReference = D9D839E08831DBAF32F1F0B9 /* Pods-userContact.release.xcconfig */;
			buildSettings = {
				ASSETCATALOG_COMPILER_APPICON_NAME = AppIcon;
				ASSETCATALOG_COMPILER_GLOBAL_ACCENT_COLOR_NAME = AccentColor;
				CODE_SIGN_STYLE = Automatic;
				DEVELOPMENT_TEAM = MFUZBPAEPA;
				INFOPLIST_FILE = "$(SRCROOT)/userContact/Resources/Info.plist";
				IPHONEOS_DEPLOYMENT_TARGET = 13.0;
				LD_RUNPATH_SEARCH_PATHS = (
					"$(inherited)",
					"@executable_path/Frameworks",
				);
				MARKETING_VERSION = 1.0.0;
				PRODUCT_BUNDLE_IDENTIFIER = KhadimHussain.userContact;
				PRODUCT_NAME = "$(TARGET_NAME)";
				SWIFT_VERSION = 5.0;
				TARGETED_DEVICE_FAMILY = "1,2";
			};
			name = Release;
		};
		C290E9B9272676F40096D465 /* Debug */ = {
			isa = XCBuildConfiguration;
			baseConfigurationReference = 2E573E456E0E7C6C83508EC7 /* Pods-userContactTests.debug.xcconfig */;
			buildSettings = {
				ALWAYS_EMBED_SWIFT_STANDARD_LIBRARIES = YES;
				BUNDLE_LOADER = "$(TEST_HOST)";
				CODE_SIGN_IDENTITY = "Apple Development";
				"CODE_SIGN_IDENTITY[sdk=macosx*]" = "Apple Development";
				CODE_SIGN_STYLE = Automatic;
				DEVELOPMENT_TEAM = MFUZBPAEPA;
				INFOPLIST_FILE = userContactTests/Info.plist;
				IPHONEOS_DEPLOYMENT_TARGET = 14.5;
				LD_RUNPATH_SEARCH_PATHS = (
					"$(inherited)",
					"@executable_path/Frameworks",
					"@loader_path/Frameworks",
				);
				PRODUCT_BUNDLE_IDENTIFIER = KhadimHussain.userContactTests;
				PRODUCT_NAME = "$(TARGET_NAME)";
				PROVISIONING_PROFILE_SPECIFIER = "";
				"PROVISIONING_PROFILE_SPECIFIER[sdk=macosx*]" = "";
				SWIFT_VERSION = 5.0;
				TARGETED_DEVICE_FAMILY = "1,2";
				TEST_HOST = "$(BUILT_PRODUCTS_DIR)/userContact.app/userContact";
			};
			name = Debug;
		};
		C290E9BA272676F40096D465 /* Release */ = {
			isa = XCBuildConfiguration;
			baseConfigurationReference = 75E3F594768699C77CE0C280 /* Pods-userContactTests.release.xcconfig */;
			buildSettings = {
				ALWAYS_EMBED_SWIFT_STANDARD_LIBRARIES = YES;
				BUNDLE_LOADER = "$(TEST_HOST)";
				CODE_SIGN_IDENTITY = "Apple Development";
				"CODE_SIGN_IDENTITY[sdk=macosx*]" = "Apple Development";
				CODE_SIGN_STYLE = Automatic;
				DEVELOPMENT_TEAM = MFUZBPAEPA;
				INFOPLIST_FILE = userContactTests/Info.plist;
				IPHONEOS_DEPLOYMENT_TARGET = 14.5;
				LD_RUNPATH_SEARCH_PATHS = (
					"$(inherited)",
					"@executable_path/Frameworks",
					"@loader_path/Frameworks",
				);
				PRODUCT_BUNDLE_IDENTIFIER = KhadimHussain.userContactTests;
				PRODUCT_NAME = "$(TARGET_NAME)";
				PROVISIONING_PROFILE_SPECIFIER = "";
				"PROVISIONING_PROFILE_SPECIFIER[sdk=macosx*]" = "";
				SWIFT_VERSION = 5.0;
				TARGETED_DEVICE_FAMILY = "1,2";
				TEST_HOST = "$(BUILT_PRODUCTS_DIR)/userContact.app/userContact";
			};
			name = Release;
		};
		C290E9BC272676F40096D465 /* Debug */ = {
			isa = XCBuildConfiguration;
			baseConfigurationReference = E6A9276967D35A917AADFFBA /* Pods-userContact-userContactUITests.debug.xcconfig */;
			buildSettings = {
				ALWAYS_EMBED_SWIFT_STANDARD_LIBRARIES = YES;
				CODE_SIGN_STYLE = Automatic;
				DEVELOPMENT_TEAM = MFUZBPAEPA;
				INFOPLIST_FILE = userContactUITests/Info.plist;
				LD_RUNPATH_SEARCH_PATHS = (
					"$(inherited)",
					"@executable_path/Frameworks",
					"@loader_path/Frameworks",
				);
				PRODUCT_BUNDLE_IDENTIFIER = KhadimHussain.userContactUITests;
				PRODUCT_NAME = "$(TARGET_NAME)";
				SWIFT_VERSION = 5.0;
				TARGETED_DEVICE_FAMILY = "1,2";
				TEST_TARGET_NAME = userContact;
			};
			name = Debug;
		};
		C290E9BD272676F40096D465 /* Release */ = {
			isa = XCBuildConfiguration;
			baseConfigurationReference = 776D3E619F3E87BDF38C3015 /* Pods-userContact-userContactUITests.release.xcconfig */;
			buildSettings = {
				ALWAYS_EMBED_SWIFT_STANDARD_LIBRARIES = YES;
				CODE_SIGN_STYLE = Automatic;
				DEVELOPMENT_TEAM = MFUZBPAEPA;
				INFOPLIST_FILE = userContactUITests/Info.plist;
				LD_RUNPATH_SEARCH_PATHS = (
					"$(inherited)",
					"@executable_path/Frameworks",
					"@loader_path/Frameworks",
				);
				PRODUCT_BUNDLE_IDENTIFIER = KhadimHussain.userContactUITests;
				PRODUCT_NAME = "$(TARGET_NAME)";
				SWIFT_VERSION = 5.0;
				TARGETED_DEVICE_FAMILY = "1,2";
				TEST_TARGET_NAME = userContact;
			};
			name = Release;
		};
/* End XCBuildConfiguration section */

/* Begin XCConfigurationList section */
		C290E986272676F30096D465 /* Build configuration list for PBXProject "userContact" */ = {
			isa = XCConfigurationList;
			buildConfigurations = (
				C290E9B3272676F40096D465 /* Debug */,
				C290E9B4272676F40096D465 /* Release */,
			);
			defaultConfigurationIsVisible = 0;
			defaultConfigurationName = Release;
		};
		C290E9B5272676F40096D465 /* Build configuration list for PBXNativeTarget "userContact" */ = {
			isa = XCConfigurationList;
			buildConfigurations = (
				C290E9B6272676F40096D465 /* Debug */,
				C290E9B7272676F40096D465 /* Release */,
			);
			defaultConfigurationIsVisible = 0;
			defaultConfigurationName = Release;
		};
		C290E9B8272676F40096D465 /* Build configuration list for PBXNativeTarget "userContactTests" */ = {
			isa = XCConfigurationList;
			buildConfigurations = (
				C290E9B9272676F40096D465 /* Debug */,
				C290E9BA272676F40096D465 /* Release */,
			);
			defaultConfigurationIsVisible = 0;
			defaultConfigurationName = Release;
		};
		C290E9BB272676F40096D465 /* Build configuration list for PBXNativeTarget "userContactUITests" */ = {
			isa = XCConfigurationList;
			buildConfigurations = (
				C290E9BC272676F40096D465 /* Debug */,
				C290E9BD272676F40096D465 /* Release */,
			);
			defaultConfigurationIsVisible = 0;
			defaultConfigurationName = Release;
		};
/* End XCConfigurationList section */
	};
	rootObject = C290E983272676F30096D465 /* Project object */;
}
